
Microsoft Visual Studio Solution File, Format Version 12.00
# Visual Studio 15
Project("{FAE04EC0-301F-11D3-BF4B-00C04F79EFBC}") = "Assembly-CSharp", "Assembly-CSharp.csproj", "{C64A019F-E53D-7181-E6BA-6C966014A858}"
EndProject
Project("{FAE04EC0-301F-11D3-BF4B-00C04F79EFBC}") = "Assembly-CSharp-Editor", "Assembly-CSharp-Editor.csproj", "{095AD1C4-B64D-433A-D50B-BED5F7BF2A0E}"
EndProject
Global
	GlobalSection(SolutionConfigurationPlatforms) = preSolution
		Debug|Any CPU = Debug|Any CPU
		Release|Any CPU = Release|Any CPU
	EndGlobalSection
	GlobalSection(ProjectConfigurationPlatforms) = postSolution
		{C64A019F-E53D-7181-E6BA-6C966014A858}.Debug|Any CPU.ActiveCfg = Debug|Any CPU
		{C64A019F-E53D-7181-E6BA-6C966014A858}.Debug|Any CPU.Build.0 = Debug|Any CPU
		{C64A019F-E53D-7181-E6BA-6C966014A858}.Release|Any CPU.ActiveCfg = Release|Any CPU
		{C64A019F-E53D-7181-E6BA-6C966014A858}.Release|Any CPU.Build.0 = Release|Any CPU
		{095AD1C4-B64D-433A-D50B-BED5F7BF2A0E}.Debug|Any CPU.ActiveCfg = Debug|Any CPU
		{095AD1C4-B64D-433A-D50B-BED5F7BF2A0E}.Debug|Any CPU.Build.0 = Debug|Any CPU
		{095AD1C4-B64D-433A-D50B-BED5F7BF2A0E}.Release|Any CPU.ActiveCfg = Release|Any CPU
		{095AD1C4-B64D-433A-D50B-BED5F7BF2A0E}.Release|Any CPU.Build.0 = Release|Any CPU
	EndGlobalSection
	GlobalSection(SolutionProperties) = preSolution
		HideSolutionNode = FALSE
	EndGlobalSection
EndGlobal
